<?xml version="1.0" encoding="utf-8"?>
<Project ToolsVersion="4.0" xmlns="http://schemas.microsoft.com/developer/msbuild/2003">
  <ItemGroup>
    <ClCompile Include="Main.cpp" />
    <ClCompile Include="stdafx.cpp" />
    <ClCompile Include="FrameworkDemo.cpp">
      <Filter>Objects</Filter>
    </ClCompile>
    <ClCompile Include="LightingDemo.cpp">
      <Filter>Lighting</Filter>
    </ClCompile>
    <ClCompile Include="NormalMapDemo.cpp">
      <Filter>Lighting</Filter>
    </ClCompile>
  </ItemGroup>
  <ItemGroup>
    <ClInclude Include="Main.h" />
    <ClInclude Include="stdafx.h" />
    <ClInclude Include="FrameworkDemo.h">
      <Filter>Objects</Filter>
    </ClInclude>
    <ClInclude Include="LightingDemo.h">
      <Filter>Lighting</Filter>
    </ClInclude>
    <ClInclude Include="NormalMapDemo.h">
      <Filter>Lighting</Filter>
    </ClInclude>
  </ItemGroup>
  <ItemGroup>
    <Filter Include="Objects">
      <UniqueIdentifier>{3f68673f-1619-44bd-8b51-59b5d1664421}</UniqueIdentifier>
    </Filter>
    <Filter Include="Lighting">
      <UniqueIdentifier>{60e2f72a-843a-4c9a-af4e-401355433862}</UniqueIdentifier>
    </Filter>
  </ItemGroup>
</Project>